
Microsoft Visual Studio Solution File, Format Version 12.00
# Visual Studio Version 17
VisualStudioVersion = 17.1.32407.343
MinimumVisualStudioVersion = 10.0.40219.1
Project("{FAE04EC0-301F-11D3-BF4B-00C04F79EFBC}") = "A.DAL", "A.DAL\A.DAL.csproj", "{0DB56493-1889-4D73-9589-E62FFF473B08}"
EndProject
Project("{FAE04EC0-301F-11D3-BF4B-00C04F79EFBC}") = "B.BLL", "B.BLL\B.BLL.csproj", "{7D4D8D12-CD61-418F-BE24-C4343A73B62B}"
EndProject
Project("{FAE04EC0-301F-11D3-BF4B-00C04F79EFBC}") = "C.UI", "C.UI\C.UI.csproj", "{1F186FF6-122F-4951-9660-BAAE3CB6EA64}"
EndProject
Global
	GlobalSection(SolutionConfigurationPlatforms) = preSolution
		Debug|Any CPU = Debug|Any CPU
		Release|Any CPU = Release|Any CPU
	EndGlobalSection
	GlobalSection(ProjectConfigurationPlatforms) = postSolution
		{0DB56493-1889-4D73-9589-E62FFF473B08}.Debug|Any CPU.ActiveCfg = Debug|Any CPU
		{0DB56493-1889-4D73-9589-E62FFF473B08}.Debug|Any CPU.Build.0 = Debug|Any CPU
		{0DB56493-1889-4D73-9589-E62FFF473B08}.Release|Any CPU.ActiveCfg = Release|Any CPU
		{0DB56493-1889-4D73-9589-E62FFF473B08}.Release|Any CPU.Build.0 = Release|Any CPU
		{7D4D8D12-CD61-418F-BE24-C4343A73B62B}.Debug|Any CPU.ActiveCfg = Debug|Any CPU
		{7D4D8D12-CD61-418F-BE24-C4343A73B62B}.Debug|Any CPU.Build.0 = Debug|Any CPU
		{7D4D8D12-CD61-418F-BE24-C4343A73B62B}.Release|Any CPU.ActiveCfg = Release|Any CPU
		{7D4D8D12-CD61-418F-BE24-C4343A73B62B}.Release|Any CPU.Build.0 = Release|Any CPU
		{1F186FF6-122F-4951-9660-BAAE3CB6EA64}.Debug|Any CPU.ActiveCfg = Debug|Any CPU
		{1F186FF6-122F-4951-9660-BAAE3CB6EA64}.Debug|Any CPU.Build.0 = Debug|Any CPU
		{1F186FF6-122F-4951-9660-BAAE3CB6EA64}.Release|Any CPU.ActiveCfg = Release|Any CPU
		{1F186FF6-122F-4951-9660-BAAE3CB6EA64}.Release|Any CPU.Build.0 = Release|Any CPU
	EndGlobalSection
	GlobalSection(SolutionProperties) = preSolution
		HideSolutionNode = FALSE
	EndGlobalSection
	GlobalSection(ExtensibilityGlobals) = postSolution
		SolutionGuid = {F311F4F2-C541-4D33-9426-D2526160808B}
	EndGlobalSection
EndGlobal
